
Microsoft Visual Studio Solution File, Format Version 12.00
# Visual Studio Version 16
VisualStudioVersion = 16.0.31321.278
MinimumVisualStudioVersion = 10.0.40219.1
Project("{9A19103F-16F7-4668-BE54-9A1E7A4F7556}") = "OllaInvoice", "OllaInvoice\OllaInvoice.csproj", "{F75BFEFE-DF24-43CD-BE25-E8454918653F}"
EndProject
Project("{FAE04EC0-301F-11D3-BF4B-00C04F79EFBC}") = "Entities", "Entities\Entities.csproj", "{AAC93C9D-3188-4CC5-AF0B-FA7CDDB2BF09}"
EndProject
Project("{FAE04EC0-301F-11D3-BF4B-00C04F79EFBC}") = "Data", "Data\Data.csproj", "{CC5457CA-8DF2-43D6-95F6-682F8429E2F0}"
EndProject
Global
	GlobalSection(SolutionConfigurationPlatforms) = preSolution
		Debug|Any CPU = Debug|Any CPU
		Release|Any CPU = Release|Any CPU
	EndGlobalSection
	GlobalSection(ProjectConfigurationPlatforms) = postSolution
		{F75BFEFE-DF24-43CD-BE25-E8454918653F}.Debug|Any CPU.ActiveCfg = Debug|Any CPU
		{F75BFEFE-DF24-43CD-BE25-E8454918653F}.Debug|Any CPU.Build.0 = Debug|Any CPU
		{F75BFEFE-DF24-43CD-BE25-E8454918653F}.Release|Any CPU.ActiveCfg = Release|Any CPU
		{F75BFEFE-DF24-43CD-BE25-E8454918653F}.Release|Any CPU.Build.0 = Release|Any CPU
		{AAC93C9D-3188-4CC5-AF0B-FA7CDDB2BF09}.Debug|Any CPU.ActiveCfg = Debug|Any CPU
		{AAC93C9D-3188-4CC5-AF0B-FA7CDDB2BF09}.Debug|Any CPU.Build.0 = Debug|Any CPU
		{AAC93C9D-3188-4CC5-AF0B-FA7CDDB2BF09}.Release|Any CPU.ActiveCfg = Release|Any CPU
		{AAC93C9D-3188-4CC5-AF0B-FA7CDDB2BF09}.Release|Any CPU.Build.0 = Release|Any CPU
		{CC5457CA-8DF2-43D6-95F6-682F8429E2F0}.Debug|Any CPU.ActiveCfg = Debug|Any CPU
		{CC5457CA-8DF2-43D6-95F6-682F8429E2F0}.Debug|Any CPU.Build.0 = Debug|Any CPU
		{CC5457CA-8DF2-43D6-95F6-682F8429E2F0}.Release|Any CPU.ActiveCfg = Release|Any CPU
		{CC5457CA-8DF2-43D6-95F6-682F8429E2F0}.Release|Any CPU.Build.0 = Release|Any CPU
	EndGlobalSection
	GlobalSection(SolutionProperties) = preSolution
		HideSolutionNode = FALSE
	EndGlobalSection
	GlobalSection(ExtensibilityGlobals) = postSolution
		SolutionGuid = {4A2C6EA1-CF8E-4710-ADFD-2DC21E990F2F}
	EndGlobalSection
EndGlobal
